// !$*UTF8*$!
{
	archiveVersion = 1;
	classes = {
	};
	objectVersion = 46;
	objects = {

/* Begin PBXBuildFile section */
		C305976A1F950642000745FA /* ExampleCell.m in Sources */ = {isa = PBXBuildFile; fileRef = C30597681F950642000745FA /* ExampleCell.m */; };
		C305976B1F950642000745FA /* ExampleCell.xib in Resources */ = {isa = PBXBuildFile; fileRef = C30597691F950642000745FA /* ExampleCell.xib */; };
		C30597711F9508D1000745FA /* NastarsaSingleImageVC.m in Sources */ = {isa = PBXBuildFile; fileRef = C30597701F9508D1000745FA /* NastarsaSingleImageVC.m */; };
		C32709AF1F88187D00FB8F24 /* LikedImagesVC.m in Sources */ = {isa = PBXBuildFile; fileRef = C32709AE1F88187D00FB8F24 /* LikedImagesVC.m */; };
		C32709B21F881AC400FB8F24 /* LikedCell.m in Sources */ = {isa = PBXBuildFile; fileRef = C32709B11F881AC400FB8F24 /* LikedCell.m */; };
		C334A3241F79BFEF00523919 /* Spinner.m in Sources */ = {isa = PBXBuildFile; fileRef = C334A3231F79BFEF00523919 /* Spinner.m */; };
		C334C56C1F535BFA00CD599E /* ImagesCache.m in Sources */ = {isa = PBXBuildFile; fileRef = C334C56B1F535BFA00CD599E /* ImagesCache.m */; };
		C335B23C1F439A200030A22E /* NasaFetcher.m in Sources */ = {isa = PBXBuildFile; fileRef = C335B23B1F439A200030A22E /* NasaFetcher.m */; };
		C3480C831F37B5E100AEE088 /* main.m in Sources */ = {isa = PBXBuildFile; fileRef = C3480C821F37B5E100AEE088 /* main.m */; };
		C3480C861F37B5E100AEE088 /* AppDelegate.m in Sources */ = {isa = PBXBuildFile; fileRef = C3480C851F37B5E100AEE088 /* AppDelegate.m */; };
		C3480C8C1F37B5E100AEE088 /* Main.storyboard in Resources */ = {isa = PBXBuildFile; fileRef = C3480C8A1F37B5E100AEE088 /* Main.storyboard */; };
		C3480C8F1F37B5E100AEE088 /* Nastarsa.xcdatamodeld in Sources */ = {isa = PBXBuildFile; fileRef = C3480C8D1F37B5E100AEE088 /* Nastarsa.xcdatamodeld */; };
		C3480C911F37B5E100AEE088 /* Assets.xcassets in Resources */ = {isa = PBXBuildFile; fileRef = C3480C901F37B5E100AEE088 /* Assets.xcassets */; };
		C3480C941F37B5E100AEE088 /* LaunchScreen.storyboard in Resources */ = {isa = PBXBuildFile; fileRef = C3480C921F37B5E100AEE088 /* LaunchScreen.storyboard */; };
		C3480C9E1F37BB5800AEE088 /* ImageModel.m in Sources */ = {isa = PBXBuildFile; fileRef = C3480C9D1F37BB5800AEE088 /* ImageModel.m */; };
		C36293731F72D182008DF3F8 /* ImageViewController.m in Sources */ = {isa = PBXBuildFile; fileRef = C36293721F72D182008DF3F8 /* ImageViewController.m */; };
		C36CE9BC1F8C2A1F00438CCC /* Photo.m in Sources */ = {isa = PBXBuildFile; fileRef = C36CE9BB1F8C2A1F00438CCC /* Photo.m */; };
		C36FCFB11FCF32B5005CC2F0 /* SingleCellVC.m in Sources */ = {isa = PBXBuildFile; fileRef = C36FCFB01FCF32B5005CC2F0 /* SingleCellVC.m */; };
		C3E2C0B01F44874D00A474F2 /* ImageDownloader.m in Sources */ = {isa = PBXBuildFile; fileRef = C3E2C0AF1F44874D00A474F2 /* ImageDownloader.m */; };
		C3F132DE1F41DDA100AA392D /* MainCollectionViewCell.m in Sources */ = {isa = PBXBuildFile; fileRef = C3F132DD1F41DDA100AA392D /* MainCollectionViewCell.m */; };
		C3F132E51F41E21200AA392D /* NastarsaCollectionVC.m in Sources */ = {isa = PBXBuildFile; fileRef = C3F132E41F41E21200AA392D /* NastarsaCollectionVC.m */; };
		C3FDF41F1FA38C3B00347A98 /* SearchHeader.m in Sources */ = {isa = PBXBuildFile; fileRef = C3FDF41E1FA38C3B00347A98 /* SearchHeader.m */; };
/* End PBXBuildFile section */

/* Begin PBXFileReference section */
		C30597671F950642000745FA /* ExampleCell.h */ = {isa = PBXFileReference; fileEncoding = 4; lastKnownFileType = sourcecode.c.h; path = ExampleCell.h; sourceTree = "<group>"; };
		C30597681F950642000745FA /* ExampleCell.m */ = {isa = PBXFileReference; fileEncoding = 4; lastKnownFileType = sourcecode.c.objc; path = ExampleCell.m; sourceTree = "<group>"; };
		C30597691F950642000745FA /* ExampleCell.xib */ = {isa = PBXFileReference; fileEncoding = 4; lastKnownFileType = file.xib; path = ExampleCell.xib; sourceTree = "<group>"; };
		C305976F1F9508D1000745FA /* NastarsaSingleImageVC.h */ = {isa = PBXFileReference; fileEncoding = 4; lastKnownFileType = sourcecode.c.h; name = NastarsaSingleImageVC.h; path = ViewControllers/NastarsaSingleImageVC.h; sourceTree = "<group>"; };
		C30597701F9508D1000745FA /* NastarsaSingleImageVC.m */ = {isa = PBXFileReference; fileEncoding = 4; lastKnownFileType = sourcecode.c.objc; name = NastarsaSingleImageVC.m; path = ViewControllers/NastarsaSingleImageVC.m; sourceTree = "<group>"; };
		C32709AD1F88187D00FB8F24 /* LikedImagesVC.h */ = {isa = PBXFileReference; fileEncoding = 4; lastKnownFileType = sourcecode.c.h; name = LikedImagesVC.h; path = ViewControllers/LikedImagesVC.h; sourceTree = "<group>"; };
		C32709AE1F88187D00FB8F24 /* LikedImagesVC.m */ = {isa = PBXFileReference; fileEncoding = 4; lastKnownFileType = sourcecode.c.objc; name = LikedImagesVC.m; path = ViewControllers/LikedImagesVC.m; sourceTree = "<group>"; };
		C32709B01F881AC400FB8F24 /* LikedCell.h */ = {isa = PBXFileReference; fileEncoding = 4; lastKnownFileType = sourcecode.c.h; name = LikedCell.h; path = CustomCells/LikedCell.h; sourceTree = "<group>"; };
		C32709B11F881AC400FB8F24 /* LikedCell.m */ = {isa = PBXFileReference; fileEncoding = 4; lastKnownFileType = sourcecode.c.objc; name = LikedCell.m; path = CustomCells/LikedCell.m; sourceTree = "<group>"; };
		C334A3221F79BFEF00523919 /* Spinner.h */ = {isa = PBXFileReference; fileEncoding = 4; lastKnownFileType = sourcecode.c.h; name = Spinner.h; path = Helpers/Spinner.h; sourceTree = "<group>"; };
		C334A3231F79BFEF00523919 /* Spinner.m */ = {isa = PBXFileReference; fileEncoding = 4; lastKnownFileType = sourcecode.c.objc; name = Spinner.m; path = Helpers/Spinner.m; sourceTree = "<group>"; };
		C334C56A1F535BFA00CD599E /* ImagesCache.h */ = {isa = PBXFileReference; fileEncoding = 4; lastKnownFileType = sourcecode.c.h; name = ImagesCache.h; path = Helpers/ImagesCache.h; sourceTree = "<group>"; };
		C334C56B1F535BFA00CD599E /* ImagesCache.m */ = {isa = PBXFileReference; fileEncoding = 4; lastKnownFileType = sourcecode.c.objc; name = ImagesCache.m; path = Helpers/ImagesCache.m; sourceTree = "<group>"; };
		C335B23A1F439A200030A22E /* NasaFetcher.h */ = {isa = PBXFileReference; fileEncoding = 4; lastKnownFileType = sourcecode.c.h; name = NasaFetcher.h; path = NASAFetcher/NasaFetcher.h; sourceTree = "<group>"; };
		C335B23B1F439A200030A22E /* NasaFetcher.m */ = {isa = PBXFileReference; fileEncoding = 4; lastKnownFileType = sourcecode.c.objc; name = NasaFetcher.m; path = NASAFetcher/NasaFetcher.m; sourceTree = "<group>"; };
		C3480C7E1F37B5E100AEE088 /* Nastarsa.app */ = {isa = PBXFileReference; explicitFileType = wrapper.application; includeInIndex = 0; path = Nastarsa.app; sourceTree = BUILT_PRODUCTS_DIR; };
		C3480C821F37B5E100AEE088 /* main.m */ = {isa = PBXFileReference; lastKnownFileType = sourcecode.c.objc; path = main.m; sourceTree = "<group>"; };
		C3480C841F37B5E100AEE088 /* AppDelegate.h */ = {isa = PBXFileReference; lastKnownFileType = sourcecode.c.h; path = AppDelegate.h; sourceTree = "<group>"; };
		C3480C851F37B5E100AEE088 /* AppDelegate.m */ = {isa = PBXFileReference; lastKnownFileType = sourcecode.c.objc; path = AppDelegate.m; sourceTree = "<group>"; };
		C3480C8B1F37B5E100AEE088 /* Base */ = {isa = PBXFileReference; lastKnownFileType = file.storyboard; name = Base; path = Base.lproj/Main.storyboard; sourceTree = "<group>"; };
		C3480C8E1F37B5E100AEE088 /* Nastarsa.xcdatamodel */ = {isa = PBXFileReference; lastKnownFileType = wrapper.xcdatamodel; path = Nastarsa.xcdatamodel; sourceTree = "<group>"; };
		C3480C901F37B5E100AEE088 /* Assets.xcassets */ = {isa = PBXFileReference; lastKnownFileType = folder.assetcatalog; path = Assets.xcassets; sourceTree = "<group>"; };
		C3480C931F37B5E100AEE088 /* Base */ = {isa = PBXFileReference; lastKnownFileType = file.storyboard; name = Base; path = Base.lproj/LaunchScreen.storyboard; sourceTree = "<group>"; };
		C3480C951F37B5E100AEE088 /* Info.plist */ = {isa = PBXFileReference; lastKnownFileType = text.plist.xml; path = Info.plist; sourceTree = "<group>"; };
		C3480C9C1F37BB5800AEE088 /* ImageModel.h */ = {isa = PBXFileReference; fileEncoding = 4; lastKnownFileType = sourcecode.c.h; name = ImageModel.h; path = Model/ImageModel.h; sourceTree = "<group>"; };
		C3480C9D1F37BB5800AEE088 /* ImageModel.m */ = {isa = PBXFileReference; fileEncoding = 4; lastKnownFileType = sourcecode.c.objc; name = ImageModel.m; path = Model/ImageModel.m; sourceTree = "<group>"; };
		C36293711F72D182008DF3F8 /* ImageViewController.h */ = {isa = PBXFileReference; fileEncoding = 4; lastKnownFileType = sourcecode.c.h; name = ImageViewController.h; path = ViewControllers/ImageViewController.h; sourceTree = "<group>"; };
		C36293721F72D182008DF3F8 /* ImageViewController.m */ = {isa = PBXFileReference; fileEncoding = 4; lastKnownFileType = sourcecode.c.objc; name = ImageViewController.m; path = ViewControllers/ImageViewController.m; sourceTree = "<group>"; };
		C36CE9BA1F8C2A1F00438CCC /* Photo.h */ = {isa = PBXFileReference; fileEncoding = 4; lastKnownFileType = sourcecode.c.h; name = Photo.h; path = Nastarsa/CoreData/Photo.h; sourceTree = "<group>"; };
		C36CE9BB1F8C2A1F00438CCC /* Photo.m */ = {isa = PBXFileReference; fileEncoding = 4; lastKnownFileType = sourcecode.c.objc; name = Photo.m; path = Nastarsa/CoreData/Photo.m; sourceTree = "<group>"; };
		C36FCFAF1FCF32B5005CC2F0 /* SingleCellVC.h */ = {isa = PBXFileReference; fileEncoding = 4; lastKnownFileType = sourcecode.c.h; name = SingleCellVC.h; path = ViewControllers/SingleCellVC.h; sourceTree = "<group>"; };
		C36FCFB01FCF32B5005CC2F0 /* SingleCellVC.m */ = {isa = PBXFileReference; fileEncoding = 4; lastKnownFileType = sourcecode.c.objc; name = SingleCellVC.m; path = ViewControllers/SingleCellVC.m; sourceTree = "<group>"; };
		C3E2C0AE1F44874D00A474F2 /* ImageDownloader.h */ = {isa = PBXFileReference; fileEncoding = 4; lastKnownFileType = sourcecode.c.h; path = ImageDownloader.h; sourceTree = "<group>"; };
		C3E2C0AF1F44874D00A474F2 /* ImageDownloader.m */ = {isa = PBXFileReference; fileEncoding = 4; lastKnownFileType = sourcecode.c.objc; path = ImageDownloader.m; sourceTree = "<group>"; };
		C3F132DC1F41DDA100AA392D /* MainCollectionViewCell.h */ = {isa = PBXFileReference; fileEncoding = 4; lastKnownFileType = sourcecode.c.h; name = MainCollectionViewCell.h; path = CustomCells/MainCollectionViewCell.h; sourceTree = "<group>"; };
		C3F132DD1F41DDA100AA392D /* MainCollectionViewCell.m */ = {isa = PBXFileReference; fileEncoding = 4; lastKnownFileType = sourcecode.c.objc; name = MainCollectionViewCell.m; path = CustomCells/MainCollectionViewCell.m; sourceTree = "<group>"; };
		C3F132E31F41E21200AA392D /* NastarsaCollectionVC.h */ = {isa = PBXFileReference; fileEncoding = 4; lastKnownFileType = sourcecode.c.h; name = NastarsaCollectionVC.h; path = ViewControllers/NastarsaCollectionVC.h; sourceTree = "<group>"; };
		C3F132E41F41E21200AA392D /* NastarsaCollectionVC.m */ = {isa = PBXFileReference; fileEncoding = 4; lastKnownFileType = sourcecode.c.objc; name = NastarsaCollectionVC.m; path = ViewControllers/NastarsaCollectionVC.m; sourceTree = "<group>"; };
		C3FDF41D1FA38C3B00347A98 /* SearchHeader.h */ = {isa = PBXFileReference; fileEncoding = 4; lastKnownFileType = sourcecode.c.h; name = SearchHeader.h; path = Helpers/SearchHeader.h; sourceTree = "<group>"; };
		C3FDF41E1FA38C3B00347A98 /* SearchHeader.m */ = {isa = PBXFileReference; fileEncoding = 4; lastKnownFileType = sourcecode.c.objc; name = SearchHeader.m; path = Helpers/SearchHeader.m; sourceTree = "<group>"; };
/* End PBXFileReference section */

/* Begin PBXFrameworksBuildPhase section */
		C3480C7B1F37B5E100AEE088 /* Frameworks */ = {
			isa = PBXFrameworksBuildPhase;
			buildActionMask = 2147483647;
			files = (
			);
			runOnlyForDeploymentPostprocessing = 0;
		};
/* End PBXFrameworksBuildPhase section */

/* Begin PBXGroup section */
		C334C5691F535BBA00CD599E /* Helpers */ = {
			isa = PBXGroup;
			children = (
				C3FDF41D1FA38C3B00347A98 /* SearchHeader.h */,
				C3FDF41E1FA38C3B00347A98 /* SearchHeader.m */,
				C3E2C0AE1F44874D00A474F2 /* ImageDownloader.h */,
				C3E2C0AF1F44874D00A474F2 /* ImageDownloader.m */,
				C334C56A1F535BFA00CD599E /* ImagesCache.h */,
				C334C56B1F535BFA00CD599E /* ImagesCache.m */,
				C334A3221F79BFEF00523919 /* Spinner.h */,
				C334A3231F79BFEF00523919 /* Spinner.m */,
			);
			name = Helpers;
			sourceTree = "<group>";
		};
		C335B2391F4399F10030A22E /* NASA Fetcher */ = {
			isa = PBXGroup;
			children = (
				C335B23A1F439A200030A22E /* NasaFetcher.h */,
				C335B23B1F439A200030A22E /* NasaFetcher.m */,
			);
			name = "NASA Fetcher";
			sourceTree = "<group>";
		};
		C3480C751F37B5E100AEE088 = {
			isa = PBXGroup;
			children = (
				C3480C801F37B5E100AEE088 /* Nastarsa */,
				C3480C7F1F37B5E100AEE088 /* Products */,
			);
			sourceTree = "<group>";
		};
		C3480C7F1F37B5E100AEE088 /* Products */ = {
			isa = PBXGroup;
			children = (
				C3480C7E1F37B5E100AEE088 /* Nastarsa.app */,
			);
			name = Products;
			sourceTree = "<group>";
		};
		C3480C801F37B5E100AEE088 /* Nastarsa */ = {
			isa = PBXGroup;
			children = (
				C3480C841F37B5E100AEE088 /* AppDelegate.h */,
				C3480C851F37B5E100AEE088 /* AppDelegate.m */,
				C36CE9AA1F8BC6D200438CCC /* CoreData */,
				C335B2391F4399F10030A22E /* NASA Fetcher */,
				C3F132E21F41E1CA00AA392D /* ViewControllers */,
				C3F132DB1F41DD5900AA392D /* CustomCells */,
				C3480C9B1F37BB2B00AEE088 /* Model */,
				C334C5691F535BBA00CD599E /* Helpers */,
				C38844F31F5EF338001F49A9 /* Layout */,
				C3480C901F37B5E100AEE088 /* Assets.xcassets */,
				C3480C951F37B5E100AEE088 /* Info.plist */,
				C3480C8D1F37B5E100AEE088 /* Nastarsa.xcdatamodeld */,
				C3480C811F37B5E100AEE088 /* Supporting Files */,
			);
			path = Nastarsa;
			sourceTree = "<group>";
		};
		C3480C811F37B5E100AEE088 /* Supporting Files */ = {
			isa = PBXGroup;
			children = (
				C3480C821F37B5E100AEE088 /* main.m */,
			);
			name = "Supporting Files";
			sourceTree = "<group>";
		};
		C3480C9B1F37BB2B00AEE088 /* Model */ = {
			isa = PBXGroup;
			children = (
				C3480C9C1F37BB5800AEE088 /* ImageModel.h */,
				C3480C9D1F37BB5800AEE088 /* ImageModel.m */,
			);
			name = Model;
			sourceTree = "<group>";
		};
		C36CE9AA1F8BC6D200438CCC /* CoreData */ = {
			isa = PBXGroup;
			children = (
				C36CE9BA1F8C2A1F00438CCC /* Photo.h */,
				C36CE9BB1F8C2A1F00438CCC /* Photo.m */,
			);
			name = CoreData;
			path = ..;
			sourceTree = "<group>";
		};
		C38844F31F5EF338001F49A9 /* Layout */ = {
			isa = PBXGroup;
			children = (
				C30597691F950642000745FA /* ExampleCell.xib */,
				C3480C8A1F37B5E100AEE088 /* Main.storyboard */,
				C3480C921F37B5E100AEE088 /* LaunchScreen.storyboard */,
			);
			name = Layout;
			sourceTree = "<group>";
		};
		C3F132DB1F41DD5900AA392D /* CustomCells */ = {
			isa = PBXGroup;
			children = (
				C3F132DC1F41DDA100AA392D /* MainCollectionViewCell.h */,
				C3F132DD1F41DDA100AA392D /* MainCollectionViewCell.m */,
				C32709B01F881AC400FB8F24 /* LikedCell.h */,
				C32709B11F881AC400FB8F24 /* LikedCell.m */,
				C30597671F950642000745FA /* ExampleCell.h */,
				C30597681F950642000745FA /* ExampleCell.m */,
			);
			name = CustomCells;
			sourceTree = "<group>";
		};
		C3F132E21F41E1CA00AA392D /* ViewControllers */ = {
			isa = PBXGroup;
			children = (
				C3F132E31F41E21200AA392D /* NastarsaCollectionVC.h */,
				C3F132E41F41E21200AA392D /* NastarsaCollectionVC.m */,
				C36293711F72D182008DF3F8 /* ImageViewController.h */,
				C36293721F72D182008DF3F8 /* ImageViewController.m */,
				C32709AD1F88187D00FB8F24 /* LikedImagesVC.h */,
				C32709AE1F88187D00FB8F24 /* LikedImagesVC.m */,
				C305976F1F9508D1000745FA /* NastarsaSingleImageVC.h */,
				C30597701F9508D1000745FA /* NastarsaSingleImageVC.m */,
				C36FCFAF1FCF32B5005CC2F0 /* SingleCellVC.h */,
				C36FCFB01FCF32B5005CC2F0 /* SingleCellVC.m */,
			);
			name = ViewControllers;
			sourceTree = "<group>";
		};
/* End PBXGroup section */

/* Begin PBXNativeTarget section */
		C3480C7D1F37B5E100AEE088 /* Nastarsa */ = {
			isa = PBXNativeTarget;
			buildConfigurationList = C3480C981F37B5E100AEE088 /* Build configuration list for PBXNativeTarget "Nastarsa" */;
			buildPhases = (
				C3480C7A1F37B5E100AEE088 /* Sources */,
				C3480C7B1F37B5E100AEE088 /* Frameworks */,
				C3480C7C1F37B5E100AEE088 /* Resources */,
			);
			buildRules = (
			);
			dependencies = (
			);
			name = Nastarsa;
			productName = Nastarsa;
			productReference = C3480C7E1F37B5E100AEE088 /* Nastarsa.app */;
			productType = "com.apple.product-type.application";
		};
/* End PBXNativeTarget section */

/* Begin PBXProject section */
		C3480C761F37B5E100AEE088 /* Project object */ = {
			isa = PBXProject;
			attributes = {
				LastUpgradeCheck = 0820;
				ORGANIZATIONNAME = "Artur Kablak";
				TargetAttributes = {
					C3480C7D1F37B5E100AEE088 = {
						CreatedOnToolsVersion = 8.2.1;
						DevelopmentTeam = 3B4HYH3EL8;
						ProvisioningStyle = Automatic;
					};
				};
			};
			buildConfigurationList = C3480C791F37B5E100AEE088 /* Build configuration list for PBXProject "Nastarsa" */;
			compatibilityVersion = "Xcode 3.2";
			developmentRegion = English;
			hasScannedForEncodings = 0;
			knownRegions = (
				en,
				Base,
			);
			mainGroup = C3480C751F37B5E100AEE088;
			productRefGroup = C3480C7F1F37B5E100AEE088 /* Products */;
			projectDirPath = "";
			projectRoot = "";
			targets = (
				C3480C7D1F37B5E100AEE088 /* Nastarsa */,
			);
		};
/* End PBXProject section */

/* Begin PBXResourcesBuildPhase section */
		C3480C7C1F37B5E100AEE088 /* Resources */ = {
			isa = PBXResourcesBuildPhase;
			buildActionMask = 2147483647;
			files = (
				C3480C941F37B5E100AEE088 /* LaunchScreen.storyboard in Resources */,
				C3480C911F37B5E100AEE088 /* Assets.xcassets in Resources */,
				C305976B1F950642000745FA /* ExampleCell.xib in Resources */,
				C3480C8C1F37B5E100AEE088 /* Main.storyboard in Resources */,
			);
			runOnlyForDeploymentPostprocessing = 0;
		};
/* End PBXResourcesBuildPhase section */

/* Begin PBXSourcesBuildPhase section */
		C3480C7A1F37B5E100AEE088 /* Sources */ = {
			isa = PBXSourcesBuildPhase;
			buildActionMask = 2147483647;
			files = (
				C36CE9BC1F8C2A1F00438CCC /* Photo.m in Sources */,
				C36293731F72D182008DF3F8 /* ImageViewController.m in Sources */,
				C305976A1F950642000745FA /* ExampleCell.m in Sources */,
				C3480C9E1F37BB5800AEE088 /* ImageModel.m in Sources */,
				C3480C861F37B5E100AEE088 /* AppDelegate.m in Sources */,
				C3480C8F1F37B5E100AEE088 /* Nastarsa.xcdatamodeld in Sources */,
				C3F132E51F41E21200AA392D /* NastarsaCollectionVC.m in Sources */,
				C3480C831F37B5E100AEE088 /* main.m in Sources */,
				C32709AF1F88187D00FB8F24 /* LikedImagesVC.m in Sources */,
				C335B23C1F439A200030A22E /* NasaFetcher.m in Sources */,
				C3FDF41F1FA38C3B00347A98 /* SearchHeader.m in Sources */,
				C32709B21F881AC400FB8F24 /* LikedCell.m in Sources */,
				C3E2C0B01F44874D00A474F2 /* ImageDownloader.m in Sources */,
				C3F132DE1F41DDA100AA392D /* MainCollectionViewCell.m in Sources */,
				C36FCFB11FCF32B5005CC2F0 /* SingleCellVC.m in Sources */,
				C30597711F9508D1000745FA /* NastarsaSingleImageVC.m in Sources */,
				C334C56C1F535BFA00CD599E /* ImagesCache.m in Sources */,
				C334A3241F79BFEF00523919 /* Spinner.m in Sources */,
			);
			runOnlyForDeploymentPostprocessing = 0;
		};
/* End PBXSourcesBuildPhase section */

/* Begin PBXVariantGroup section */
		C3480C8A1F37B5E100AEE088 /* Main.storyboard */ = {
			isa = PBXVariantGroup;
			children = (
				C3480C8B1F37B5E100AEE088 /* Base */,
			);
			name = Main.storyboard;
			sourceTree = "<group>";
		};
		C3480C921F37B5E100AEE088 /* LaunchScreen.storyboard */ = {
			isa = PBXVariantGroup;
			children = (
				C3480C931F37B5E100AEE088 /* Base */,
			);
			name = LaunchScreen.storyboard;
			sourceTree = "<group>";
		};
/* End PBXVariantGroup section */

/* Begin XCBuildConfiguration section */
		C3480C961F37B5E100AEE088 /* Debug */ = {
			isa = XCBuildConfiguration;
			buildSettings = {
				ALWAYS_SEARCH_USER_PATHS = NO;
				CLANG_ANALYZER_NONNULL = YES;
				CLANG_CXX_LANGUAGE_STANDARD = "gnu++0x";
				CLANG_CXX_LIBRARY = "libc++";
				CLANG_ENABLE_MODULES = YES;
				CLANG_ENABLE_OBJC_ARC = YES;
				CLANG_WARN_BOOL_CONVERSION = YES;
				CLANG_WARN_CONSTANT_CONVERSION = YES;
				CLANG_WARN_DIRECT_OBJC_ISA_USAGE = YES_ERROR;
				CLANG_WARN_DOCUMENTATION_COMMENTS = YES;
				CLANG_WARN_EMPTY_BODY = YES;
				CLANG_WARN_ENUM_CONVERSION = YES;
				CLANG_WARN_INFINITE_RECURSION = YES;
				CLANG_WARN_INT_CONVERSION = YES;
				CLANG_WARN_OBJC_ROOT_CLASS = YES_ERROR;
				CLANG_WARN_SUSPICIOUS_MOVE = YES;
				CLANG_WARN_UNREACHABLE_CODE = YES;
				CLANG_WARN__DUPLICATE_METHOD_MATCH = YES;
				"CODE_SIGN_IDENTITY[sdk=iphoneos*]" = "iPhone Developer";
				COPY_PHASE_STRIP = NO;
				DEBUG_INFORMATION_FORMAT = dwarf;
				ENABLE_STRICT_OBJC_MSGSEND = YES;
				ENABLE_TESTABILITY = YES;
				GCC_C_LANGUAGE_STANDARD = gnu99;
				GCC_DYNAMIC_NO_PIC = NO;
				GCC_NO_COMMON_BLOCKS = YES;
				GCC_OPTIMIZATION_LEVEL = 0;
				GCC_PREPROCESSOR_DEFINITIONS = (
					"DEBUG=1",
					"$(inherited)",
				);
				GCC_WARN_64_TO_32_BIT_CONVERSION = YES;
				GCC_WARN_ABOUT_RETURN_TYPE = YES_ERROR;
				GCC_WARN_UNDECLARED_SELECTOR = YES;
				GCC_WARN_UNINITIALIZED_AUTOS = YES_AGGRESSIVE;
				GCC_WARN_UNUSED_FUNCTION = YES;
				GCC_WARN_UNUSED_VARIABLE = YES;
				IPHONEOS_DEPLOYMENT_TARGET = 10.2;
				MTL_ENABLE_DEBUG_INFO = YES;
				ONLY_ACTIVE_ARCH = YES;
				SDKROOT = iphoneos;
				TARGETED_DEVICE_FAMILY = "1,2";
			};
			name = Debug;
		};
		C3480C971F37B5E100AEE088 /* Release */ = {
			isa = XCBuildConfiguration;
			buildSettings = {
				ALWAYS_SEARCH_USER_PATHS = NO;
				CLANG_ANALYZER_NONNULL = YES;
				CLANG_CXX_LANGUAGE_STANDARD = "gnu++0x";
				CLANG_CXX_LIBRARY = "libc++";
				CLANG_ENABLE_MODULES = YES;
				CLANG_ENABLE_OBJC_ARC = YES;
				CLANG_WARN_BOOL_CONVERSION = YES;
				CLANG_WARN_CONSTANT_CONVERSION = YES;
				CLANG_WARN_DIRECT_OBJC_ISA_USAGE = YES_ERROR;
				CLANG_WARN_DOCUMENTATION_COMMENTS = YES;
				CLANG_WARN_EMPTY_BODY = YES;
				CLANG_WARN_ENUM_CONVERSION = YES;
				CLANG_WARN_INFINITE_RECURSION = YES;
				CLANG_WARN_INT_CONVERSION = YES;
				CLANG_WARN_OBJC_ROOT_CLASS = YES_ERROR;
				CLANG_WARN_SUSPICIOUS_MOVE = YES;
				CLANG_WARN_UNREACHABLE_CODE = YES;
				CLANG_WARN__DUPLICATE_METHOD_MATCH = YES;
				"CODE_SIGN_IDENTITY[sdk=iphoneos*]" = "iPhone Developer";
				COPY_PHASE_STRIP = NO;
				DEBUG_INFORMATION_FORMAT = "dwarf-with-dsym";
				ENABLE_NS_ASSERTIONS = NO;
				ENABLE_STRICT_OBJC_MSGSEND = YES;
				GCC_C_LANGUAGE_STANDARD = gnu99;
				GCC_NO_COMMON_BLOCKS = YES;
				GCC_WARN_64_TO_32_BIT_CONVERSION = YES;
				GCC_WARN_ABOUT_RETURN_TYPE = YES_ERROR;
				GCC_WARN_UNDECLARED_SELECTOR = YES;
				GCC_WARN_UNINITIALIZED_AUTOS = YES_AGGRESSIVE;
				GCC_WARN_UNUSED_FUNCTION = YES;
				GCC_WARN_UNUSED_VARIABLE = YES;
				IPHONEOS_DEPLOYMENT_TARGET = 10.2;
				MTL_ENABLE_DEBUG_INFO = NO;
				SDKROOT = iphoneos;
				TARGETED_DEVICE_FAMILY = "1,2";
				VALIDATE_PRODUCT = YES;
			};
			name = Release;
		};
		C3480C991F37B5E100AEE088 /* Debug */ = {
			isa = XCBuildConfiguration;
			buildSettings = {
				ASSETCATALOG_COMPILER_APPICON_NAME = AppIcon;
				DEVELOPMENT_TEAM = 3B4HYH3EL8;
				INFOPLIST_FILE = Nastarsa/Info.plist;
				IPHONEOS_DEPLOYMENT_TARGET = 10.3;
				LD_RUNPATH_SEARCH_PATHS = "$(inherited) @executable_path/Frameworks";
				PRODUCT_BUNDLE_IDENTIFIER = com.odvan.Nastarsa;
				PRODUCT_NAME = "$(TARGET_NAME)";
			};
			name = Debug;
		};
		C3480C9A1F37B5E100AEE088 /* Release */ = {
			isa = XCBuildConfiguration;
			buildSettings = {
				ASSETCATALOG_COMPILER_APPICON_NAME = AppIcon;
				DEVELOPMENT_TEAM = 3B4HYH3EL8;
				INFOPLIST_FILE = Nastarsa/Info.plist;
				IPHONEOS_DEPLOYMENT_TARGET = 10.3;
				LD_RUNPATH_SEARCH_PATHS = "$(inherited) @executable_path/Frameworks";
				PRODUCT_BUNDLE_IDENTIFIER = com.odvan.Nastarsa;
				PRODUCT_NAME = "$(TARGET_NAME)";
			};
			name = Release;
		};
/* End XCBuildConfiguration section */

/* Begin XCConfigurationList section */
		C3480C791F37B5E100AEE088 /* Build configuration list for PBXProject "Nastarsa" */ = {
			isa = XCConfigurationList;
			buildConfigurations = (
				C3480C961F37B5E100AEE088 /* Debug */,
				C3480C971F37B5E100AEE088 /* Release */,
			);
			defaultConfigurationIsVisible = 0;
			defaultConfigurationName = Release;
		};
		C3480C981F37B5E100AEE088 /* Build configuration list for PBXNativeTarget "Nastarsa" */ = {
			isa = XCConfigurationList;
			buildConfigurations = (
				C3480C991F37B5E100AEE088 /* Debug */,
				C3480C9A1F37B5E100AEE088 /* Release */,
			);
			defaultConfigurationIsVisible = 0;
			defaultConfigurationName = Release;
		};
/* End XCConfigurationList section */

/* Begin XCVersionGroup section */
		C3480C8D1F37B5E100AEE088 /* Nastarsa.xcdatamodeld */ = {
			isa = XCVersionGroup;
			children = (
				C3480C8E1F37B5E100AEE088 /* Nastarsa.xcdatamodel */,
			);
			currentVersion = C3480C8E1F37B5E100AEE088 /* Nastarsa.xcdatamodel */;
			path = Nastarsa.xcdatamodeld;
			sourceTree = "<group>";
			versionGroupType = wrapper.xcdatamodel;
		};
/* End XCVersionGroup section */
	};
	rootObject = C3480C761F37B5E100AEE088 /* Project object */;
}
